
Microsoft Visual Studio Solution File, Format Version 12.00
# Visual Studio 2012
Project("{FAE04EC0-301F-11D3-BF4B-00C04F79EFBC}") = "TimeProvider", "TimeProvider\TimeProvider.csproj", "{7405CE15-1F57-4F79-B79C-EE4FAB81204E}"
EndProject
Global
	GlobalSection(SolutionConfigurationPlatforms) = preSolution
		Debug|Any CPU = Debug|Any CPU
		Release|Any CPU = Release|Any CPU
	EndGlobalSection
	GlobalSection(ProjectConfigurationPlatforms) = postSolution
		{7405CE15-1F57-4F79-B79C-EE4FAB81204E}.Debug|Any CPU.ActiveCfg = Debug|Any CPU
		{7405CE15-1F57-4F79-B79C-EE4FAB81204E}.Debug|Any CPU.Build.0 = Debug|Any CPU
		{7405CE15-1F57-4F79-B79C-EE4FAB81204E}.Release|Any CPU.ActiveCfg = Release|Any CPU
		{7405CE15-1F57-4F79-B79C-EE4FAB81204E}.Release|Any CPU.Build.0 = Release|Any CPU
	EndGlobalSection
	GlobalSection(SolutionProperties) = preSolution
		HideSolutionNode = FALSE
	EndGlobalSection
EndGlobal
